
Microsoft Visual Studio Solution File, Format Version 12.00
# Visual Studio Version 17
VisualStudioVersion = 17.3.32922.545
MinimumVisualStudioVersion = 10.0.40219.1
Project("{9A19103F-16F7-4668-BE54-9A1E7A4F7556}") = "SR_PL", "SR_PL.csproj", "{B919BA08-DC95-4086-BCD5-D0BCF805D1C2}"
EndProject
Project("{9A19103F-16F7-4668-BE54-9A1E7A4F7556}") = "SR_DLL", "..\SR_DLL\SR_DLL.csproj", "{4003DDEE-D7E6-4DE1-BD27-530466C78E8D}"
EndProject
Project("{9A19103F-16F7-4668-BE54-9A1E7A4F7556}") = "SR_BLL", "..\SR_BLL\SR_BLL.csproj", "{2E71B86C-D297-4D18-A2CE-038F6950E54F}"
EndProject
Project("{FAE04EC0-301F-11D3-BF4B-00C04F79EFBC}") = "EL", "..\EL\EL.csproj", "{1E24FB04-A0DE-45A0-BF39-7A6CACC0AB1D}"
EndProject
Project("{FAE04EC0-301F-11D3-BF4B-00C04F79EFBC}") = "SR_BLL.Tests", "..\SR_BLL.Tests\SR_BLL.Tests.csproj", "{3D5B4051-39A3-4E9A-A45A-4877F0DC9CAD}"
EndProject
Project("{FAE04EC0-301F-11D3-BF4B-00C04F79EFBC}") = "SR_DLL-NUnitTests", "..\SR_DLL-NUnitTests\SR_DLL-NUnitTests.csproj", "{956A5E45-3BA8-4CFF-8751-6B823290D5D0}"
EndProject
Global
	GlobalSection(SolutionConfigurationPlatforms) = preSolution
		Debug|Any CPU = Debug|Any CPU
		Release|Any CPU = Release|Any CPU
	EndGlobalSection
	GlobalSection(ProjectConfigurationPlatforms) = postSolution
		{B919BA08-DC95-4086-BCD5-D0BCF805D1C2}.Debug|Any CPU.ActiveCfg = Debug|Any CPU
		{B919BA08-DC95-4086-BCD5-D0BCF805D1C2}.Debug|Any CPU.Build.0 = Debug|Any CPU
		{B919BA08-DC95-4086-BCD5-D0BCF805D1C2}.Release|Any CPU.ActiveCfg = Release|Any CPU
		{B919BA08-DC95-4086-BCD5-D0BCF805D1C2}.Release|Any CPU.Build.0 = Release|Any CPU
		{4003DDEE-D7E6-4DE1-BD27-530466C78E8D}.Debug|Any CPU.ActiveCfg = Debug|Any CPU
		{4003DDEE-D7E6-4DE1-BD27-530466C78E8D}.Debug|Any CPU.Build.0 = Debug|Any CPU
		{4003DDEE-D7E6-4DE1-BD27-530466C78E8D}.Release|Any CPU.ActiveCfg = Release|Any CPU
		{4003DDEE-D7E6-4DE1-BD27-530466C78E8D}.Release|Any CPU.Build.0 = Release|Any CPU
		{2E71B86C-D297-4D18-A2CE-038F6950E54F}.Debug|Any CPU.ActiveCfg = Debug|Any CPU
		{2E71B86C-D297-4D18-A2CE-038F6950E54F}.Debug|Any CPU.Build.0 = Debug|Any CPU
		{2E71B86C-D297-4D18-A2CE-038F6950E54F}.Release|Any CPU.ActiveCfg = Release|Any CPU
		{2E71B86C-D297-4D18-A2CE-038F6950E54F}.Release|Any CPU.Build.0 = Release|Any CPU
		{1E24FB04-A0DE-45A0-BF39-7A6CACC0AB1D}.Debug|Any CPU.ActiveCfg = Debug|Any CPU
		{1E24FB04-A0DE-45A0-BF39-7A6CACC0AB1D}.Debug|Any CPU.Build.0 = Debug|Any CPU
		{1E24FB04-A0DE-45A0-BF39-7A6CACC0AB1D}.Release|Any CPU.ActiveCfg = Release|Any CPU
		{1E24FB04-A0DE-45A0-BF39-7A6CACC0AB1D}.Release|Any CPU.Build.0 = Release|Any CPU
		{3D5B4051-39A3-4E9A-A45A-4877F0DC9CAD}.Debug|Any CPU.ActiveCfg = Debug|Any CPU
		{3D5B4051-39A3-4E9A-A45A-4877F0DC9CAD}.Debug|Any CPU.Build.0 = Debug|Any CPU
		{3D5B4051-39A3-4E9A-A45A-4877F0DC9CAD}.Release|Any CPU.ActiveCfg = Release|Any CPU
		{3D5B4051-39A3-4E9A-A45A-4877F0DC9CAD}.Release|Any CPU.Build.0 = Release|Any CPU
		{956A5E45-3BA8-4CFF-8751-6B823290D5D0}.Debug|Any CPU.ActiveCfg = Debug|Any CPU
		{956A5E45-3BA8-4CFF-8751-6B823290D5D0}.Debug|Any CPU.Build.0 = Debug|Any CPU
		{956A5E45-3BA8-4CFF-8751-6B823290D5D0}.Release|Any CPU.ActiveCfg = Release|Any CPU
		{956A5E45-3BA8-4CFF-8751-6B823290D5D0}.Release|Any CPU.Build.0 = Release|Any CPU
	EndGlobalSection
	GlobalSection(SolutionProperties) = preSolution
		HideSolutionNode = FALSE
	EndGlobalSection
	GlobalSection(ExtensibilityGlobals) = postSolution
		SolutionGuid = {F9E35A15-892B-49E0-854D-9879650C3750}
	EndGlobalSection
EndGlobal
